// !$*UTF8*$!
{
	archiveVersion = 1;
	classes = {
	};
	objectVersion = 46;
	objects = {

/* Begin PBXBuildFile section */
		A7D9F3571DE2F5F70056DB43 /* AppDelegate.swift in Sources */ = {isa = PBXBuildFile; fileRef = A7D9F3561DE2F5F70056DB43 /* AppDelegate.swift */; };
		A7D9F3591DE2F5F70056DB43 /* ViewController.swift in Sources */ = {isa = PBXBuildFile; fileRef = A7D9F3581DE2F5F70056DB43 /* ViewController.swift */; };
		A7D9F35C1DE2F5F70056DB43 /* Main.storyboard in Resources */ = {isa = PBXBuildFile; fileRef = A7D9F35A1DE2F5F70056DB43 /* Main.storyboard */; };
		A7D9F35E1DE2F5F70056DB43 /* Assets.xcassets in Resources */ = {isa = PBXBuildFile; fileRef = A7D9F35D1DE2F5F70056DB43 /* Assets.xcassets */; };
		A7D9F3611DE2F5F70056DB43 /* LaunchScreen.storyboard in Resources */ = {isa = PBXBuildFile; fileRef = A7D9F35F1DE2F5F70056DB43 /* LaunchScreen.storyboard */; };
		A7D9F36C1DE2F5F70056DB43 /* DemoSwift401_userDefaultTests.swift in Sources */ = {isa = PBXBuildFile; fileRef = A7D9F36B1DE2F5F70056DB43 /* DemoSwift401_userDefaultTests.swift */; };
		A7D9F3771DE2F5F70056DB43 /* DemoSwift401_userDefaultUITests.swift in Sources */ = {isa = PBXBuildFile; fileRef = A7D9F3761DE2F5F70056DB43 /* DemoSwift401_userDefaultUITests.swift */; };
/* End PBXBuildFile section */

/* Begin PBXContainerItemProxy section */
		A7D9F3681DE2F5F70056DB43 /* PBXContainerItemProxy */ = {
			isa = PBXContainerItemProxy;
			containerPortal = A7D9F34B1DE2F5F70056DB43 /* Project object */;
			proxyType = 1;
			remoteGlobalIDString = A7D9F3521DE2F5F70056DB43;
			remoteInfo = DemoSwift401_userDefault;
		};
		A7D9F3731DE2F5F70056DB43 /* PBXContainerItemProxy */ = {
			isa = PBXContainerItemProxy;
			containerPortal = A7D9F34B1DE2F5F70056DB43 /* Project object */;
			proxyType = 1;
			remoteGlobalIDString = A7D9F3521DE2F5F70056DB43;
			remoteInfo = DemoSwift401_userDefault;
		};
/* End PBXContainerItemProxy section */

/* Begin PBXFileReference section */
		A7D9F3531DE2F5F70056DB43 /* DemoSwift401_userDefault.app */ = {isa = PBXFileReference; explicitFileType = wrapper.application; includeInIndex = 0; path = DemoSwift401_userDefault.app; sourceTree = BUILT_PRODUCTS_DIR; };
		A7D9F3561DE2F5F70056DB43 /* AppDelegate.swift */ = {isa = PBXFileReference; lastKnownFileType = sourcecode.swift; path = AppDelegate.swift; sourceTree = "<group>"; };
		A7D9F3581DE2F5F70056DB43 /* ViewController.swift */ = {isa = PBXFileReference; lastKnownFileType = sourcecode.swift; path = ViewController.swift; sourceTree = "<group>"; };
		A7D9F35B1DE2F5F70056DB43 /* Base */ = {isa = PBXFileReference; lastKnownFileType = file.storyboard; name = Base; path = Base.lproj/Main.storyboard; sourceTree = "<group>"; };
		A7D9F35D1DE2F5F70056DB43 /* Assets.xcassets */ = {isa = PBXFileReference; lastKnownFileType = folder.assetcatalog; path = Assets.xcassets; sourceTree = "<group>"; };
		A7D9F3601DE2F5F70056DB43 /* Base */ = {isa = PBXFileReference; lastKnownFileType = file.storyboard; name = Base; path = Base.lproj/LaunchScreen.storyboard; sourceTree = "<group>"; };
		A7D9F3621DE2F5F70056DB43 /* Info.plist */ = {isa = PBXFileReference; lastKnownFileType = text.plist.xml; path = Info.plist; sourceTree = "<group>"; };
		A7D9F3671DE2F5F70056DB43 /* DemoSwift401_userDefaultTests.xctest */ = {isa = PBXFileReference; explicitFileType = wrapper.cfbundle; includeInIndex = 0; path = DemoSwift401_userDefaultTests.xctest; sourceTree = BUILT_PRODUCTS_DIR; };
		A7D9F36B1DE2F5F70056DB43 /* DemoSwift401_userDefaultTests.swift */ = {isa = PBXFileReference; lastKnownFileType = sourcecode.swift; path = DemoSwift401_userDefaultTests.swift; sourceTree = "<group>"; };
		A7D9F36D1DE2F5F70056DB43 /* Info.plist */ = {isa = PBXFileReference; lastKnownFileType = text.plist.xml; path = Info.plist; sourceTree = "<group>"; };
		A7D9F3721DE2F5F70056DB43 /* DemoSwift401_userDefaultUITests.xctest */ = {isa = PBXFileReference; explicitFileType = wrapper.cfbundle; includeInIndex = 0; path = DemoSwift401_userDefaultUITests.xctest; sourceTree = BUILT_PRODUCTS_DIR; };
		A7D9F3761DE2F5F70056DB43 /* DemoSwift401_userDefaultUITests.swift */ = {isa = PBXFileReference; lastKnownFileType = sourcecode.swift; path = DemoSwift401_userDefaultUITests.swift; sourceTree = "<group>"; };
		A7D9F3781DE2F5F70056DB43 /* Info.plist */ = {isa = PBXFileReference; lastKnownFileType = text.plist.xml; path = Info.plist; sourceTree = "<group>"; };
/* End PBXFileReference section */

/* Begin PBXFrameworksBuildPhase section */
		A7D9F3501DE2F5F70056DB43 /* Frameworks */ = {
			isa = PBXFrameworksBuildPhase;
			buildActionMask = 2147483647;
			files = (
			);
			runOnlyForDeploymentPostprocessing = 0;
		};
		A7D9F3641DE2F5F70056DB43 /* Frameworks */ = {
			isa = PBXFrameworksBuildPhase;
			buildActionMask = 2147483647;
			files = (
			);
			runOnlyForDeploymentPostprocessing = 0;
		};
		A7D9F36F1DE2F5F70056DB43 /* Frameworks */ = {
			isa = PBXFrameworksBuildPhase;
			buildActionMask = 2147483647;
			files = (
			);
			runOnlyForDeploymentPostprocessing = 0;
		};
/* End PBXFrameworksBuildPhase section */

/* Begin PBXGroup section */
		A7D9F34A1DE2F5F70056DB43 = {
			isa = PBXGroup;
			children = (
				A7D9F3551DE2F5F70056DB43 /* DemoSwift401_userDefault */,
				A7D9F36A1DE2F5F70056DB43 /* DemoSwift401_userDefaultTests */,
				A7D9F3751DE2F5F70056DB43 /* DemoSwift401_userDefaultUITests */,
				A7D9F3541DE2F5F70056DB43 /* Products */,
			);
			sourceTree = "<group>";
		};
		A7D9F3541DE2F5F70056DB43 /* Products */ = {
			isa = PBXGroup;
			children = (
				A7D9F3531DE2F5F70056DB43 /* DemoSwift401_userDefault.app */,
				A7D9F3671DE2F5F70056DB43 /* DemoSwift401_userDefaultTests.xctest */,
				A7D9F3721DE2F5F70056DB43 /* DemoSwift401_userDefaultUITests.xctest */,
			);
			name = Products;
			sourceTree = "<group>";
		};
		A7D9F3551DE2F5F70056DB43 /* DemoSwift401_userDefault */ = {
			isa = PBXGroup;
			children = (
				A7D9F3561DE2F5F70056DB43 /* AppDelegate.swift */,
				A7D9F3581DE2F5F70056DB43 /* ViewController.swift */,
				A7D9F35A1DE2F5F70056DB43 /* Main.storyboard */,
				A7D9F35D1DE2F5F70056DB43 /* Assets.xcassets */,
				A7D9F35F1DE2F5F70056DB43 /* LaunchScreen.storyboard */,
				A7D9F3621DE2F5F70056DB43 /* Info.plist */,
			);
			path = DemoSwift401_userDefault;
			sourceTree = "<group>";
		};
		A7D9F36A1DE2F5F70056DB43 /* DemoSwift401_userDefaultTests */ = {
			isa = PBXGroup;
			children = (
				A7D9F36B1DE2F5F70056DB43 /* DemoSwift401_userDefaultTests.swift */,
				A7D9F36D1DE2F5F70056DB43 /* Info.plist */,
			);
			path = DemoSwift401_userDefaultTests;
			sourceTree = "<group>";
		};
		A7D9F3751DE2F5F70056DB43 /* DemoSwift401_userDefaultUITests */ = {
			isa = PBXGroup;
			children = (
				A7D9F3761DE2F5F70056DB43 /* DemoSwift401_userDefaultUITests.swift */,
				A7D9F3781DE2F5F70056DB43 /* Info.plist */,
			);
			path = DemoSwift401_userDefaultUITests;
			sourceTree = "<group>";
		};
/* End PBXGroup section */

/* Begin PBXNativeTarget section */
		A7D9F3521DE2F5F70056DB43 /* DemoSwift401_userDefault */ = {
			isa = PBXNativeTarget;
			buildConfigurationList = A7D9F37B1DE2F5F70056DB43 /* Build configuration list for PBXNativeTarget "DemoSwift401_userDefault" */;
			buildPhases = (
				A7D9F34F1DE2F5F70056DB43 /* Sources */,
				A7D9F3501DE2F5F70056DB43 /* Frameworks */,
				A7D9F3511DE2F5F70056DB43 /* Resources */,
			);
			buildRules = (
			);
			dependencies = (
			);
			name = DemoSwift401_userDefault;
			productName = DemoSwift401_userDefault;
			productReference = A7D9F3531DE2F5F70056DB43 /* DemoSwift401_userDefault.app */;
			productType = "com.apple.product-type.application";
		};
		A7D9F3661DE2F5F70056DB43 /* DemoSwift401_userDefaultTests */ = {
			isa = PBXNativeTarget;
			buildConfigurationList = A7D9F37E1DE2F5F70056DB43 /* Build configuration list for PBXNativeTarget "DemoSwift401_userDefaultTests" */;
			buildPhases = (
				A7D9F3631DE2F5F70056DB43 /* Sources */,
				A7D9F3641DE2F5F70056DB43 /* Frameworks */,
				A7D9F3651DE2F5F70056DB43 /* Resources */,
			);
			buildRules = (
			);
			dependencies = (
				A7D9F3691DE2F5F70056DB43 /* PBXTargetDependency */,
			);
			name = DemoSwift401_userDefaultTests;
			productName = DemoSwift401_userDefaultTests;
			productReference = A7D9F3671DE2F5F70056DB43 /* DemoSwift401_userDefaultTests.xctest */;
			productType = "com.apple.product-type.bundle.unit-test";
		};
		A7D9F3711DE2F5F70056DB43 /* DemoSwift401_userDefaultUITests */ = {
			isa = PBXNativeTarget;
			buildConfigurationList = A7D9F3811DE2F5F70056DB43 /* Build configuration list for PBXNativeTarget "DemoSwift401_userDefaultUITests" */;
			buildPhases = (
				A7D9F36E1DE2F5F70056DB43 /* Sources */,
				A7D9F36F1DE2F5F70056DB43 /* Frameworks */,
				A7D9F3701DE2F5F70056DB43 /* Resources */,
			);
			buildRules = (
			);
			dependencies = (
				A7D9F3741DE2F5F70056DB43 /* PBXTargetDependency */,
			);
			name = DemoSwift401_userDefaultUITests;
			productName = DemoSwift401_userDefaultUITests;
			productReference = A7D9F3721DE2F5F70056DB43 /* DemoSwift401_userDefaultUITests.xctest */;
			productType = "com.apple.product-type.bundle.ui-testing";
		};
/* End PBXNativeTarget section */

/* Begin PBXProject section */
		A7D9F34B1DE2F5F70056DB43 /* Project object */ = {
			isa = PBXProject;
			attributes = {
				LastSwiftUpdateCheck = 0720;
				LastUpgradeCheck = 0720;
				ORGANIZATIONNAME = zhangshaoyu;
				TargetAttributes = {
					A7D9F3521DE2F5F70056DB43 = {
						CreatedOnToolsVersion = 7.2.1;
					};
					A7D9F3661DE2F5F70056DB43 = {
						CreatedOnToolsVersion = 7.2.1;
						TestTargetID = A7D9F3521DE2F5F70056DB43;
					};
					A7D9F3711DE2F5F70056DB43 = {
						CreatedOnToolsVersion = 7.2.1;
						TestTargetID = A7D9F3521DE2F5F70056DB43;
					};
				};
			};
			buildConfigurationList = A7D9F34E1DE2F5F70056DB43 /* Build configuration list for PBXProject "DemoSwift401_userDefault" */;
			compatibilityVersion = "Xcode 3.2";
			developmentRegion = English;
			hasScannedForEncodings = 0;
			knownRegions = (
				en,
				Base,
			);
			mainGroup = A7D9F34A1DE2F5F70056DB43;
			productRefGroup = A7D9F3541DE2F5F70056DB43 /* Products */;
			projectDirPath = "";
			projectRoot = "";
			targets = (
				A7D9F3521DE2F5F70056DB43 /* DemoSwift401_userDefault */,
				A7D9F3661DE2F5F70056DB43 /* DemoSwift401_userDefaultTests */,
				A7D9F3711DE2F5F70056DB43 /* DemoSwift401_userDefaultUITests */,
			);
		};
/* End PBXProject section */

/* Begin PBXResourcesBuildPhase section */
		A7D9F3511DE2F5F70056DB43 /* Resources */ = {
			isa = PBXResourcesBuildPhase;
			buildActionMask = 2147483647;
			files = (
				A7D9F3611DE2F5F70056DB43 /* LaunchScreen.storyboard in Resources */,
				A7D9F35E1DE2F5F70056DB43 /* Assets.xcassets in Resources */,
				A7D9F35C1DE2F5F70056DB43 /* Main.storyboard in Resources */,
			);
			runOnlyForDeploymentPostprocessing = 0;
		};
		A7D9F3651DE2F5F70056DB43 /* Resources */ = {
			isa = PBXResourcesBuildPhase;
			buildActionMask = 2147483647;
			files = (
			);
			runOnlyForDeploymentPostprocessing = 0;
		};
		A7D9F3701DE2F5F70056DB43 /* Resources */ = {
			isa = PBXResourcesBuildPhase;
			buildActionMask = 2147483647;
			files = (
			);
			runOnlyForDeploymentPostprocessing = 0;
		};
/* End PBXResourcesBuildPhase section */

/* Begin PBXSourcesBuildPhase section */
		A7D9F34F1DE2F5F70056DB43 /* Sources */ = {
			isa = PBXSourcesBuildPhase;
			buildActionMask = 2147483647;
			files = (
				A7D9F3591DE2F5F70056DB43 /* ViewController.swift in Sources */,
				A7D9F3571DE2F5F70056DB43 /* AppDelegate.swift in Sources */,
			);
			runOnlyForDeploymentPostprocessing = 0;
		};
		A7D9F3631DE2F5F70056DB43 /* Sources */ = {
			isa = PBXSourcesBuildPhase;
			buildActionMask = 2147483647;
			files = (
				A7D9F36C1DE2F5F70056DB43 /* DemoSwift401_userDefaultTests.swift in Sources */,
			);
			runOnlyForDeploymentPostprocessing = 0;
		};
		A7D9F36E1DE2F5F70056DB43 /* Sources */ = {
			isa = PBXSourcesBuildPhase;
			buildActionMask = 2147483647;
			files = (
				A7D9F3771DE2F5F70056DB43 /* DemoSwift401_userDefaultUITests.swift in Sources */,
			);
			runOnlyForDeploymentPostprocessing = 0;
		};
/* End PBXSourcesBuildPhase section */

/* Begin PBXTargetDependency section */
		A7D9F3691DE2F5F70056DB43 /* PBXTargetDependency */ = {
			isa = PBXTargetDependency;
			target = A7D9F3521DE2F5F70056DB43 /* DemoSwift401_userDefault */;
			targetProxy = A7D9F3681DE2F5F70056DB43 /* PBXContainerItemProxy */;
		};
		A7D9F3741DE2F5F70056DB43 /* PBXTargetDependency */ = {
			isa = PBXTargetDependency;
			target = A7D9F3521DE2F5F70056DB43 /* DemoSwift401_userDefault */;
			targetProxy = A7D9F3731DE2F5F70056DB43 /* PBXContainerItemProxy */;
		};
/* End PBXTargetDependency section */

/* Begin PBXVariantGroup section */
		A7D9F35A1DE2F5F70056DB43 /* Main.storyboard */ = {
			isa = PBXVariantGroup;
			children = (
				A7D9F35B1DE2F5F70056DB43 /* Base */,
			);
			name = Main.storyboard;
			sourceTree = "<group>";
		};
		A7D9F35F1DE2F5F70056DB43 /* LaunchScreen.storyboard */ = {
			isa = PBXVariantGroup;
			children = (
				A7D9F3601DE2F5F70056DB43 /* Base */,
			);
			name = LaunchScreen.storyboard;
			sourceTree = "<group>";
		};
/* End PBXVariantGroup section */

/* Begin XCBuildConfiguration section */
		A7D9F3791DE2F5F70056DB43 /* Debug */ = {
			isa = XCBuildConfiguration;
			buildSettings = {
				ALWAYS_SEARCH_USER_PATHS = NO;
				CLANG_CXX_LANGUAGE_STANDARD = "gnu++0x";
				CLANG_CXX_LIBRARY = "libc++";
				CLANG_ENABLE_MODULES = YES;
				CLANG_ENABLE_OBJC_ARC = YES;
				CLANG_WARN_BOOL_CONVERSION = YES;
				CLANG_WARN_CONSTANT_CONVERSION = YES;
				CLANG_WARN_DIRECT_OBJC_ISA_USAGE = YES_ERROR;
				CLANG_WARN_EMPTY_BODY = YES;
				CLANG_WARN_ENUM_CONVERSION = YES;
				CLANG_WARN_INT_CONVERSION = YES;
				CLANG_WARN_OBJC_ROOT_CLASS = YES_ERROR;
				CLANG_WARN_UNREACHABLE_CODE = YES;
				CLANG_WARN__DUPLICATE_METHOD_MATCH = YES;
				"CODE_SIGN_IDENTITY[sdk=iphoneos*]" = "iPhone Developer";
				COPY_PHASE_STRIP = NO;
				DEBUG_INFORMATION_FORMAT = dwarf;
				ENABLE_STRICT_OBJC_MSGSEND = YES;
				ENABLE_TESTABILITY = YES;
				GCC_C_LANGUAGE_STANDARD = gnu99;
				GCC_DYNAMIC_NO_PIC = NO;
				GCC_NO_COMMON_BLOCKS = YES;
				GCC_OPTIMIZATION_LEVEL = 0;
				GCC_PREPROCESSOR_DEFINITIONS = (
					"DEBUG=1",
					"$(inherited)",
				);
				GCC_WARN_64_TO_32_BIT_CONVERSION = YES;
				GCC_WARN_ABOUT_RETURN_TYPE = YES_ERROR;
				GCC_WARN_UNDECLARED_SELECTOR = YES;
				GCC_WARN_UNINITIALIZED_AUTOS = YES_AGGRESSIVE;
				GCC_WARN_UNUSED_FUNCTION = YES;
				GCC_WARN_UNUSED_VARIABLE = YES;
				IPHONEOS_DEPLOYMENT_TARGET = 8.0;
				MTL_ENABLE_DEBUG_INFO = YES;
				ONLY_ACTIVE_ARCH = YES;
				SDKROOT = iphoneos;
				SWIFT_OPTIMIZATION_LEVEL = "-Onone";
				TARGETED_DEVICE_FAMILY = "1,2";
			};
			name = Debug;
		};
		A7D9F37A1DE2F5F70056DB43 /* Release */ = {
			isa = XCBuildConfiguration;
			buildSettings = {
				ALWAYS_SEARCH_USER_PATHS = NO;
				CLANG_CXX_LANGUAGE_STANDARD = "gnu++0x";
				CLANG_CXX_LIBRARY = "libc++";
				CLANG_ENABLE_MODULES = YES;
				CLANG_ENABLE_OBJC_ARC = YES;
				CLANG_WARN_BOOL_CONVERSION = YES;
				CLANG_WARN_CONSTANT_CONVERSION = YES;
				CLANG_WARN_DIRECT_OBJC_ISA_USAGE = YES_ERROR;
				CLANG_WARN_EMPTY_BODY = YES;
				CLANG_WARN_ENUM_CONVERSION = YES;
				CLANG_WARN_INT_CONVERSION = YES;
				CLANG_WARN_OBJC_ROOT_CLASS = YES_ERROR;
				CLANG_WARN_UNREACHABLE_CODE = YES;
				CLANG_WARN__DUPLICATE_METHOD_MATCH = YES;
				"CODE_SIGN_IDENTITY[sdk=iphoneos*]" = "iPhone Developer";
				COPY_PHASE_STRIP = NO;
				DEBUG_INFORMATION_FORMAT = "dwarf-with-dsym";
				ENABLE_NS_ASSERTIONS = NO;
				ENABLE_STRICT_OBJC_MSGSEND = YES;
				GCC_C_LANGUAGE_STANDARD = gnu99;
				GCC_NO_COMMON_BLOCKS = YES;
				GCC_WARN_64_TO_32_BIT_CONVERSION = YES;
				GCC_WARN_ABOUT_RETURN_TYPE = YES_ERROR;
				GCC_WARN_UNDECLARED_SELECTOR = YES;
				GCC_WARN_UNINITIALIZED_AUTOS = YES_AGGRESSIVE;
				GCC_WARN_UNUSED_FUNCTION = YES;
				GCC_WARN_UNUSED_VARIABLE = YES;
				IPHONEOS_DEPLOYMENT_TARGET = 8.0;
				MTL_ENABLE_DEBUG_INFO = NO;
				SDKROOT = iphoneos;
				TARGETED_DEVICE_FAMILY = "1,2";
				VALIDATE_PRODUCT = YES;
			};
			name = Release;
		};
		A7D9F37C1DE2F5F70056DB43 /* Debug */ = {
			isa = XCBuildConfiguration;
			buildSettings = {
				ASSETCATALOG_COMPILER_APPICON_NAME = AppIcon;
				INFOPLIST_FILE = DemoSwift401_userDefault/Info.plist;
				IPHONEOS_DEPLOYMENT_TARGET = 8.0;
				LD_RUNPATH_SEARCH_PATHS = "$(inherited) @executable_path/Frameworks";
				PRODUCT_BUNDLE_IDENTIFIER = "com.zsy.DemoSwift401-userDefault";
				PRODUCT_NAME = "$(TARGET_NAME)";
			};
			name = Debug;
		};
		A7D9F37D1DE2F5F70056DB43 /* Release */ = {
			isa = XCBuildConfiguration;
			buildSettings = {
				ASSETCATALOG_COMPILER_APPICON_NAME = AppIcon;
				INFOPLIST_FILE = DemoSwift401_userDefault/Info.plist;
				IPHONEOS_DEPLOYMENT_TARGET = 8.0;
				LD_RUNPATH_SEARCH_PATHS = "$(inherited) @executable_path/Frameworks";
				PRODUCT_BUNDLE_IDENTIFIER = "com.zsy.DemoSwift401-userDefault";
				PRODUCT_NAME = "$(TARGET_NAME)";
			};
			name = Release;
		};
		A7D9F37F1DE2F5F70056DB43 /* Debug */ = {
			isa = XCBuildConfiguration;
			buildSettings = {
				BUNDLE_LOADER = "$(TEST_HOST)";
				INFOPLIST_FILE = DemoSwift401_userDefaultTests/Info.plist;
				LD_RUNPATH_SEARCH_PATHS = "$(inherited) @executable_path/Frameworks @loader_path/Frameworks";
				PRODUCT_BUNDLE_IDENTIFIER = "com.zsy.DemoSwift401-userDefaultTests";
				PRODUCT_NAME = "$(TARGET_NAME)";
				TEST_HOST = "$(BUILT_PRODUCTS_DIR)/DemoSwift401_userDefault.app/DemoSwift401_userDefault";
			};
			name = Debug;
		};
		A7D9F3801DE2F5F70056DB43 /* Release */ = {
			isa = XCBuildConfiguration;
			buildSettings = {
				BUNDLE_LOADER = "$(TEST_HOST)";
				INFOPLIST_FILE = DemoSwift401_userDefaultTests/Info.plist;
				LD_RUNPATH_SEARCH_PATHS = "$(inherited) @executable_path/Frameworks @loader_path/Frameworks";
				PRODUCT_BUNDLE_IDENTIFIER = "com.zsy.DemoSwift401-userDefaultTests";
				PRODUCT_NAME = "$(TARGET_NAME)";
				TEST_HOST = "$(BUILT_PRODUCTS_DIR)/DemoSwift401_userDefault.app/DemoSwift401_userDefault";
			};
			name = Release;
		};
		A7D9F3821DE2F5F70056DB43 /* Debug */ = {
			isa = XCBuildConfiguration;
			buildSettings = {
				INFOPLIST_FILE = DemoSwift401_userDefaultUITests/Info.plist;
				LD_RUNPATH_SEARCH_PATHS = "$(inherited) @executable_path/Frameworks @loader_path/Frameworks";
				PRODUCT_BUNDLE_IDENTIFIER = "com.zsy.DemoSwift401-userDefaultUITests";
				PRODUCT_NAME = "$(TARGET_NAME)";
				TEST_TARGET_NAME = DemoSwift401_userDefault;
				USES_XCTRUNNER = YES;
			};
			name = Debug;
		};
		A7D9F3831DE2F5F70056DB43 /* Release */ = {
			isa = XCBuildConfiguration;
			buildSettings = {
				INFOPLIST_FILE = DemoSwift401_userDefaultUITests/Info.plist;
				LD_RUNPATH_SEARCH_PATHS = "$(inherited) @executable_path/Frameworks @loader_path/Frameworks";
				PRODUCT_BUNDLE_IDENTIFIER = "com.zsy.DemoSwift401-userDefaultUITests";
				PRODUCT_NAME = "$(TARGET_NAME)";
				TEST_TARGET_NAME = DemoSwift401_userDefault;
				USES_XCTRUNNER = YES;
			};
			name = Release;
		};
/* End XCBuildConfiguration section */

/* Begin XCConfigurationList section */
		A7D9F34E1DE2F5F70056DB43 /* Build configuration list for PBXProject "DemoSwift401_userDefault" */ = {
			isa = XCConfigurationList;
			buildConfigurations = (
				A7D9F3791DE2F5F70056DB43 /* Debug */,
				A7D9F37A1DE2F5F70056DB43 /* Release */,
			);
			defaultConfigurationIsVisible = 0;
			defaultConfigurationName = Release;
		};
		A7D9F37B1DE2F5F70056DB43 /* Build configuration list for PBXNativeTarget "DemoSwift401_userDefault" */ = {
			isa = XCConfigurationList;
			buildConfigurations = (
				A7D9F37C1DE2F5F70056DB43 /* Debug */,
				A7D9F37D1DE2F5F70056DB43 /* Release */,
			);
			defaultConfigurationIsVisible = 0;
		};
		A7D9F37E1DE2F5F70056DB43 /* Build configuration list for PBXNativeTarget "DemoSwift401_userDefaultTests" */ = {
			isa = XCConfigurationList;
			buildConfigurations = (
				A7D9F37F1DE2F5F70056DB43 /* Debug */,
				A7D9F3801DE2F5F70056DB43 /* Release */,
			);
			defaultConfigurationIsVisible = 0;
		};
		A7D9F3811DE2F5F70056DB43 /* Build configuration list for PBXNativeTarget "DemoSwift401_userDefaultUITests" */ = {
			isa = XCConfigurationList;
			buildConfigurations = (
				A7D9F3821DE2F5F70056DB43 /* Debug */,
				A7D9F3831DE2F5F70056DB43 /* Release */,
			);
			defaultConfigurationIsVisible = 0;
		};
/* End XCConfigurationList section */
	};
	rootObject = A7D9F34B1DE2F5F70056DB43 /* Project object */;
}
