// !$*UTF8*$!
{
	archiveVersion = 1;
	classes = {
	};
	objectVersion = 46;
	objects = {

/* Begin PBXBuildFile section */
		A76F24691DB778B000B076FC /* AppDelegate.swift in Sources */ = {isa = PBXBuildFile; fileRef = A76F24681DB778B000B076FC /* AppDelegate.swift */; };
		A76F246B1DB778B000B076FC /* ViewController.swift in Sources */ = {isa = PBXBuildFile; fileRef = A76F246A1DB778B000B076FC /* ViewController.swift */; };
		A76F246E1DB778B000B076FC /* Main.storyboard in Resources */ = {isa = PBXBuildFile; fileRef = A76F246C1DB778B000B076FC /* Main.storyboard */; };
		A76F24701DB778B000B076FC /* Assets.xcassets in Resources */ = {isa = PBXBuildFile; fileRef = A76F246F1DB778B000B076FC /* Assets.xcassets */; };
		A76F24731DB778B000B076FC /* LaunchScreen.storyboard in Resources */ = {isa = PBXBuildFile; fileRef = A76F24711DB778B000B076FC /* LaunchScreen.storyboard */; };
		A76F247E1DB778B000B076FC /* DemoSwift121_collectionViewTests.swift in Sources */ = {isa = PBXBuildFile; fileRef = A76F247D1DB778B000B076FC /* DemoSwift121_collectionViewTests.swift */; };
		A76F24891DB778B000B076FC /* DemoSwift121_collectionViewUITests.swift in Sources */ = {isa = PBXBuildFile; fileRef = A76F24881DB778B000B076FC /* DemoSwift121_collectionViewUITests.swift */; };
		A7BCF3DA1DD1702C0017648F /* CollectionViewCell.swift in Sources */ = {isa = PBXBuildFile; fileRef = A7BCF3D91DD1702C0017648F /* CollectionViewCell.swift */; };
		A7BCF3DC1DD170570017648F /* CollectionReusableViewHeader.swift in Sources */ = {isa = PBXBuildFile; fileRef = A7BCF3DB1DD170570017648F /* CollectionReusableViewHeader.swift */; };
		A7BCF3DE1DD170660017648F /* CollectionReusableViewFooter.swift in Sources */ = {isa = PBXBuildFile; fileRef = A7BCF3DD1DD170660017648F /* CollectionReusableViewFooter.swift */; };
		A7BCF3E01DD1714B0017648F /* Model.swift in Sources */ = {isa = PBXBuildFile; fileRef = A7BCF3DF1DD1714B0017648F /* Model.swift */; };
/* End PBXBuildFile section */

/* Begin PBXContainerItemProxy section */
		A76F247A1DB778B000B076FC /* PBXContainerItemProxy */ = {
			isa = PBXContainerItemProxy;
			containerPortal = A76F245D1DB778B000B076FC /* Project object */;
			proxyType = 1;
			remoteGlobalIDString = A76F24641DB778B000B076FC;
			remoteInfo = DemoSwift121_collectionView;
		};
		A76F24851DB778B000B076FC /* PBXContainerItemProxy */ = {
			isa = PBXContainerItemProxy;
			containerPortal = A76F245D1DB778B000B076FC /* Project object */;
			proxyType = 1;
			remoteGlobalIDString = A76F24641DB778B000B076FC;
			remoteInfo = DemoSwift121_collectionView;
		};
/* End PBXContainerItemProxy section */

/* Begin PBXFileReference section */
		A76F24651DB778B000B076FC /* DemoSwift121_collectionView.app */ = {isa = PBXFileReference; explicitFileType = wrapper.application; includeInIndex = 0; path = DemoSwift121_collectionView.app; sourceTree = BUILT_PRODUCTS_DIR; };
		A76F24681DB778B000B076FC /* AppDelegate.swift */ = {isa = PBXFileReference; lastKnownFileType = sourcecode.swift; path = AppDelegate.swift; sourceTree = "<group>"; };
		A76F246A1DB778B000B076FC /* ViewController.swift */ = {isa = PBXFileReference; lastKnownFileType = sourcecode.swift; path = ViewController.swift; sourceTree = "<group>"; };
		A76F246D1DB778B000B076FC /* Base */ = {isa = PBXFileReference; lastKnownFileType = file.storyboard; name = Base; path = Base.lproj/Main.storyboard; sourceTree = "<group>"; };
		A76F246F1DB778B000B076FC /* Assets.xcassets */ = {isa = PBXFileReference; lastKnownFileType = folder.assetcatalog; path = Assets.xcassets; sourceTree = "<group>"; };
		A76F24721DB778B000B076FC /* Base */ = {isa = PBXFileReference; lastKnownFileType = file.storyboard; name = Base; path = Base.lproj/LaunchScreen.storyboard; sourceTree = "<group>"; };
		A76F24741DB778B000B076FC /* Info.plist */ = {isa = PBXFileReference; lastKnownFileType = text.plist.xml; path = Info.plist; sourceTree = "<group>"; };
		A76F24791DB778B000B076FC /* DemoSwift121_collectionViewTests.xctest */ = {isa = PBXFileReference; explicitFileType = wrapper.cfbundle; includeInIndex = 0; path = DemoSwift121_collectionViewTests.xctest; sourceTree = BUILT_PRODUCTS_DIR; };
		A76F247D1DB778B000B076FC /* DemoSwift121_collectionViewTests.swift */ = {isa = PBXFileReference; lastKnownFileType = sourcecode.swift; path = DemoSwift121_collectionViewTests.swift; sourceTree = "<group>"; };
		A76F247F1DB778B000B076FC /* Info.plist */ = {isa = PBXFileReference; lastKnownFileType = text.plist.xml; path = Info.plist; sourceTree = "<group>"; };
		A76F24841DB778B000B076FC /* DemoSwift121_collectionViewUITests.xctest */ = {isa = PBXFileReference; explicitFileType = wrapper.cfbundle; includeInIndex = 0; path = DemoSwift121_collectionViewUITests.xctest; sourceTree = BUILT_PRODUCTS_DIR; };
		A76F24881DB778B000B076FC /* DemoSwift121_collectionViewUITests.swift */ = {isa = PBXFileReference; lastKnownFileType = sourcecode.swift; path = DemoSwift121_collectionViewUITests.swift; sourceTree = "<group>"; };
		A76F248A1DB778B000B076FC /* Info.plist */ = {isa = PBXFileReference; lastKnownFileType = text.plist.xml; path = Info.plist; sourceTree = "<group>"; };
		A7BCF3D91DD1702C0017648F /* CollectionViewCell.swift */ = {isa = PBXFileReference; fileEncoding = 4; lastKnownFileType = sourcecode.swift; path = CollectionViewCell.swift; sourceTree = "<group>"; };
		A7BCF3DB1DD170570017648F /* CollectionReusableViewHeader.swift */ = {isa = PBXFileReference; fileEncoding = 4; lastKnownFileType = sourcecode.swift; path = CollectionReusableViewHeader.swift; sourceTree = "<group>"; };
		A7BCF3DD1DD170660017648F /* CollectionReusableViewFooter.swift */ = {isa = PBXFileReference; fileEncoding = 4; lastKnownFileType = sourcecode.swift; path = CollectionReusableViewFooter.swift; sourceTree = "<group>"; };
		A7BCF3DF1DD1714B0017648F /* Model.swift */ = {isa = PBXFileReference; fileEncoding = 4; lastKnownFileType = sourcecode.swift; path = Model.swift; sourceTree = "<group>"; };
/* End PBXFileReference section */

/* Begin PBXFrameworksBuildPhase section */
		A76F24621DB778B000B076FC /* Frameworks */ = {
			isa = PBXFrameworksBuildPhase;
			buildActionMask = 2147483647;
			files = (
			);
			runOnlyForDeploymentPostprocessing = 0;
		};
		A76F24761DB778B000B076FC /* Frameworks */ = {
			isa = PBXFrameworksBuildPhase;
			buildActionMask = 2147483647;
			files = (
			);
			runOnlyForDeploymentPostprocessing = 0;
		};
		A76F24811DB778B000B076FC /* Frameworks */ = {
			isa = PBXFrameworksBuildPhase;
			buildActionMask = 2147483647;
			files = (
			);
			runOnlyForDeploymentPostprocessing = 0;
		};
/* End PBXFrameworksBuildPhase section */

/* Begin PBXGroup section */
		A76F245C1DB778B000B076FC = {
			isa = PBXGroup;
			children = (
				A76F24671DB778B000B076FC /* DemoSwift121_collectionView */,
				A76F247C1DB778B000B076FC /* DemoSwift121_collectionViewTests */,
				A76F24871DB778B000B076FC /* DemoSwift121_collectionViewUITests */,
				A76F24661DB778B000B076FC /* Products */,
			);
			sourceTree = "<group>";
		};
		A76F24661DB778B000B076FC /* Products */ = {
			isa = PBXGroup;
			children = (
				A76F24651DB778B000B076FC /* DemoSwift121_collectionView.app */,
				A76F24791DB778B000B076FC /* DemoSwift121_collectionViewTests.xctest */,
				A76F24841DB778B000B076FC /* DemoSwift121_collectionViewUITests.xctest */,
			);
			name = Products;
			sourceTree = "<group>";
		};
		A76F24671DB778B000B076FC /* DemoSwift121_collectionView */ = {
			isa = PBXGroup;
			children = (
				A76F24681DB778B000B076FC /* AppDelegate.swift */,
				A76F246A1DB778B000B076FC /* ViewController.swift */,
				A7BCF3D91DD1702C0017648F /* CollectionViewCell.swift */,
				A7BCF3DB1DD170570017648F /* CollectionReusableViewHeader.swift */,
				A7BCF3DD1DD170660017648F /* CollectionReusableViewFooter.swift */,
				A7BCF3DF1DD1714B0017648F /* Model.swift */,
				A76F246C1DB778B000B076FC /* Main.storyboard */,
				A76F246F1DB778B000B076FC /* Assets.xcassets */,
				A76F24711DB778B000B076FC /* LaunchScreen.storyboard */,
				A76F24741DB778B000B076FC /* Info.plist */,
			);
			path = DemoSwift121_collectionView;
			sourceTree = "<group>";
		};
		A76F247C1DB778B000B076FC /* DemoSwift121_collectionViewTests */ = {
			isa = PBXGroup;
			children = (
				A76F247D1DB778B000B076FC /* DemoSwift121_collectionViewTests.swift */,
				A76F247F1DB778B000B076FC /* Info.plist */,
			);
			path = DemoSwift121_collectionViewTests;
			sourceTree = "<group>";
		};
		A76F24871DB778B000B076FC /* DemoSwift121_collectionViewUITests */ = {
			isa = PBXGroup;
			children = (
				A76F24881DB778B000B076FC /* DemoSwift121_collectionViewUITests.swift */,
				A76F248A1DB778B000B076FC /* Info.plist */,
			);
			path = DemoSwift121_collectionViewUITests;
			sourceTree = "<group>";
		};
/* End PBXGroup section */

/* Begin PBXNativeTarget section */
		A76F24641DB778B000B076FC /* DemoSwift121_collectionView */ = {
			isa = PBXNativeTarget;
			buildConfigurationList = A76F248D1DB778B000B076FC /* Build configuration list for PBXNativeTarget "DemoSwift121_collectionView" */;
			buildPhases = (
				A76F24611DB778B000B076FC /* Sources */,
				A76F24621DB778B000B076FC /* Frameworks */,
				A76F24631DB778B000B076FC /* Resources */,
			);
			buildRules = (
			);
			dependencies = (
			);
			name = DemoSwift121_collectionView;
			productName = DemoSwift121_collectionView;
			productReference = A76F24651DB778B000B076FC /* DemoSwift121_collectionView.app */;
			productType = "com.apple.product-type.application";
		};
		A76F24781DB778B000B076FC /* DemoSwift121_collectionViewTests */ = {
			isa = PBXNativeTarget;
			buildConfigurationList = A76F24901DB778B000B076FC /* Build configuration list for PBXNativeTarget "DemoSwift121_collectionViewTests" */;
			buildPhases = (
				A76F24751DB778B000B076FC /* Sources */,
				A76F24761DB778B000B076FC /* Frameworks */,
				A76F24771DB778B000B076FC /* Resources */,
			);
			buildRules = (
			);
			dependencies = (
				A76F247B1DB778B000B076FC /* PBXTargetDependency */,
			);
			name = DemoSwift121_collectionViewTests;
			productName = DemoSwift121_collectionViewTests;
			productReference = A76F24791DB778B000B076FC /* DemoSwift121_collectionViewTests.xctest */;
			productType = "com.apple.product-type.bundle.unit-test";
		};
		A76F24831DB778B000B076FC /* DemoSwift121_collectionViewUITests */ = {
			isa = PBXNativeTarget;
			buildConfigurationList = A76F24931DB778B000B076FC /* Build configuration list for PBXNativeTarget "DemoSwift121_collectionViewUITests" */;
			buildPhases = (
				A76F24801DB778B000B076FC /* Sources */,
				A76F24811DB778B000B076FC /* Frameworks */,
				A76F24821DB778B000B076FC /* Resources */,
			);
			buildRules = (
			);
			dependencies = (
				A76F24861DB778B000B076FC /* PBXTargetDependency */,
			);
			name = DemoSwift121_collectionViewUITests;
			productName = DemoSwift121_collectionViewUITests;
			productReference = A76F24841DB778B000B076FC /* DemoSwift121_collectionViewUITests.xctest */;
			productType = "com.apple.product-type.bundle.ui-testing";
		};
/* End PBXNativeTarget section */

/* Begin PBXProject section */
		A76F245D1DB778B000B076FC /* Project object */ = {
			isa = PBXProject;
			attributes = {
				LastSwiftUpdateCheck = 0720;
				LastUpgradeCheck = 0720;
				ORGANIZATIONNAME = zhangshaoyu;
				TargetAttributes = {
					A76F24641DB778B000B076FC = {
						CreatedOnToolsVersion = 7.2.1;
					};
					A76F24781DB778B000B076FC = {
						CreatedOnToolsVersion = 7.2.1;
						TestTargetID = A76F24641DB778B000B076FC;
					};
					A76F24831DB778B000B076FC = {
						CreatedOnToolsVersion = 7.2.1;
						TestTargetID = A76F24641DB778B000B076FC;
					};
				};
			};
			buildConfigurationList = A76F24601DB778B000B076FC /* Build configuration list for PBXProject "DemoSwift121_collectionView" */;
			compatibilityVersion = "Xcode 3.2";
			developmentRegion = English;
			hasScannedForEncodings = 0;
			knownRegions = (
				en,
				Base,
			);
			mainGroup = A76F245C1DB778B000B076FC;
			productRefGroup = A76F24661DB778B000B076FC /* Products */;
			projectDirPath = "";
			projectRoot = "";
			targets = (
				A76F24641DB778B000B076FC /* DemoSwift121_collectionView */,
				A76F24781DB778B000B076FC /* DemoSwift121_collectionViewTests */,
				A76F24831DB778B000B076FC /* DemoSwift121_collectionViewUITests */,
			);
		};
/* End PBXProject section */

/* Begin PBXResourcesBuildPhase section */
		A76F24631DB778B000B076FC /* Resources */ = {
			isa = PBXResourcesBuildPhase;
			buildActionMask = 2147483647;
			files = (
				A76F24731DB778B000B076FC /* LaunchScreen.storyboard in Resources */,
				A76F24701DB778B000B076FC /* Assets.xcassets in Resources */,
				A76F246E1DB778B000B076FC /* Main.storyboard in Resources */,
			);
			runOnlyForDeploymentPostprocessing = 0;
		};
		A76F24771DB778B000B076FC /* Resources */ = {
			isa = PBXResourcesBuildPhase;
			buildActionMask = 2147483647;
			files = (
			);
			runOnlyForDeploymentPostprocessing = 0;
		};
		A76F24821DB778B000B076FC /* Resources */ = {
			isa = PBXResourcesBuildPhase;
			buildActionMask = 2147483647;
			files = (
			);
			runOnlyForDeploymentPostprocessing = 0;
		};
/* End PBXResourcesBuildPhase section */

/* Begin PBXSourcesBuildPhase section */
		A76F24611DB778B000B076FC /* Sources */ = {
			isa = PBXSourcesBuildPhase;
			buildActionMask = 2147483647;
			files = (
				A7BCF3DC1DD170570017648F /* CollectionReusableViewHeader.swift in Sources */,
				A76F246B1DB778B000B076FC /* ViewController.swift in Sources */,
				A7BCF3DE1DD170660017648F /* CollectionReusableViewFooter.swift in Sources */,
				A7BCF3E01DD1714B0017648F /* Model.swift in Sources */,
				A76F24691DB778B000B076FC /* AppDelegate.swift in Sources */,
				A7BCF3DA1DD1702C0017648F /* CollectionViewCell.swift in Sources */,
			);
			runOnlyForDeploymentPostprocessing = 0;
		};
		A76F24751DB778B000B076FC /* Sources */ = {
			isa = PBXSourcesBuildPhase;
			buildActionMask = 2147483647;
			files = (
				A76F247E1DB778B000B076FC /* DemoSwift121_collectionViewTests.swift in Sources */,
			);
			runOnlyForDeploymentPostprocessing = 0;
		};
		A76F24801DB778B000B076FC /* Sources */ = {
			isa = PBXSourcesBuildPhase;
			buildActionMask = 2147483647;
			files = (
				A76F24891DB778B000B076FC /* DemoSwift121_collectionViewUITests.swift in Sources */,
			);
			runOnlyForDeploymentPostprocessing = 0;
		};
/* End PBXSourcesBuildPhase section */

/* Begin PBXTargetDependency section */
		A76F247B1DB778B000B076FC /* PBXTargetDependency */ = {
			isa = PBXTargetDependency;
			target = A76F24641DB778B000B076FC /* DemoSwift121_collectionView */;
			targetProxy = A76F247A1DB778B000B076FC /* PBXContainerItemProxy */;
		};
		A76F24861DB778B000B076FC /* PBXTargetDependency */ = {
			isa = PBXTargetDependency;
			target = A76F24641DB778B000B076FC /* DemoSwift121_collectionView */;
			targetProxy = A76F24851DB778B000B076FC /* PBXContainerItemProxy */;
		};
/* End PBXTargetDependency section */

/* Begin PBXVariantGroup section */
		A76F246C1DB778B000B076FC /* Main.storyboard */ = {
			isa = PBXVariantGroup;
			children = (
				A76F246D1DB778B000B076FC /* Base */,
			);
			name = Main.storyboard;
			sourceTree = "<group>";
		};
		A76F24711DB778B000B076FC /* LaunchScreen.storyboard */ = {
			isa = PBXVariantGroup;
			children = (
				A76F24721DB778B000B076FC /* Base */,
			);
			name = LaunchScreen.storyboard;
			sourceTree = "<group>";
		};
/* End PBXVariantGroup section */

/* Begin XCBuildConfiguration section */
		A76F248B1DB778B000B076FC /* Debug */ = {
			isa = XCBuildConfiguration;
			buildSettings = {
				ALWAYS_SEARCH_USER_PATHS = NO;
				CLANG_CXX_LANGUAGE_STANDARD = "gnu++0x";
				CLANG_CXX_LIBRARY = "libc++";
				CLANG_ENABLE_MODULES = YES;
				CLANG_ENABLE_OBJC_ARC = YES;
				CLANG_WARN_BOOL_CONVERSION = YES;
				CLANG_WARN_CONSTANT_CONVERSION = YES;
				CLANG_WARN_DIRECT_OBJC_ISA_USAGE = YES_ERROR;
				CLANG_WARN_EMPTY_BODY = YES;
				CLANG_WARN_ENUM_CONVERSION = YES;
				CLANG_WARN_INT_CONVERSION = YES;
				CLANG_WARN_OBJC_ROOT_CLASS = YES_ERROR;
				CLANG_WARN_UNREACHABLE_CODE = YES;
				CLANG_WARN__DUPLICATE_METHOD_MATCH = YES;
				"CODE_SIGN_IDENTITY[sdk=iphoneos*]" = "iPhone Developer";
				COPY_PHASE_STRIP = NO;
				DEBUG_INFORMATION_FORMAT = dwarf;
				ENABLE_STRICT_OBJC_MSGSEND = YES;
				ENABLE_TESTABILITY = YES;
				GCC_C_LANGUAGE_STANDARD = gnu99;
				GCC_DYNAMIC_NO_PIC = NO;
				GCC_NO_COMMON_BLOCKS = YES;
				GCC_OPTIMIZATION_LEVEL = 0;
				GCC_PREPROCESSOR_DEFINITIONS = (
					"DEBUG=1",
					"$(inherited)",
				);
				GCC_WARN_64_TO_32_BIT_CONVERSION = YES;
				GCC_WARN_ABOUT_RETURN_TYPE = YES_ERROR;
				GCC_WARN_UNDECLARED_SELECTOR = YES;
				GCC_WARN_UNINITIALIZED_AUTOS = YES_AGGRESSIVE;
				GCC_WARN_UNUSED_FUNCTION = YES;
				GCC_WARN_UNUSED_VARIABLE = YES;
				IPHONEOS_DEPLOYMENT_TARGET = 8.0;
				MTL_ENABLE_DEBUG_INFO = YES;
				ONLY_ACTIVE_ARCH = YES;
				SDKROOT = iphoneos;
				SWIFT_OPTIMIZATION_LEVEL = "-Onone";
				TARGETED_DEVICE_FAMILY = "1,2";
			};
			name = Debug;
		};
		A76F248C1DB778B000B076FC /* Release */ = {
			isa = XCBuildConfiguration;
			buildSettings = {
				ALWAYS_SEARCH_USER_PATHS = NO;
				CLANG_CXX_LANGUAGE_STANDARD = "gnu++0x";
				CLANG_CXX_LIBRARY = "libc++";
				CLANG_ENABLE_MODULES = YES;
				CLANG_ENABLE_OBJC_ARC = YES;
				CLANG_WARN_BOOL_CONVERSION = YES;
				CLANG_WARN_CONSTANT_CONVERSION = YES;
				CLANG_WARN_DIRECT_OBJC_ISA_USAGE = YES_ERROR;
				CLANG_WARN_EMPTY_BODY = YES;
				CLANG_WARN_ENUM_CONVERSION = YES;
				CLANG_WARN_INT_CONVERSION = YES;
				CLANG_WARN_OBJC_ROOT_CLASS = YES_ERROR;
				CLANG_WARN_UNREACHABLE_CODE = YES;
				CLANG_WARN__DUPLICATE_METHOD_MATCH = YES;
				"CODE_SIGN_IDENTITY[sdk=iphoneos*]" = "iPhone Developer";
				COPY_PHASE_STRIP = NO;
				DEBUG_INFORMATION_FORMAT = "dwarf-with-dsym";
				ENABLE_NS_ASSERTIONS = NO;
				ENABLE_STRICT_OBJC_MSGSEND = YES;
				GCC_C_LANGUAGE_STANDARD = gnu99;
				GCC_NO_COMMON_BLOCKS = YES;
				GCC_WARN_64_TO_32_BIT_CONVERSION = YES;
				GCC_WARN_ABOUT_RETURN_TYPE = YES_ERROR;
				GCC_WARN_UNDECLARED_SELECTOR = YES;
				GCC_WARN_UNINITIALIZED_AUTOS = YES_AGGRESSIVE;
				GCC_WARN_UNUSED_FUNCTION = YES;
				GCC_WARN_UNUSED_VARIABLE = YES;
				IPHONEOS_DEPLOYMENT_TARGET = 8.0;
				MTL_ENABLE_DEBUG_INFO = NO;
				SDKROOT = iphoneos;
				TARGETED_DEVICE_FAMILY = "1,2";
				VALIDATE_PRODUCT = YES;
			};
			name = Release;
		};
		A76F248E1DB778B000B076FC /* Debug */ = {
			isa = XCBuildConfiguration;
			buildSettings = {
				ASSETCATALOG_COMPILER_APPICON_NAME = AppIcon;
				INFOPLIST_FILE = DemoSwift121_collectionView/Info.plist;
				IPHONEOS_DEPLOYMENT_TARGET = 8.0;
				LD_RUNPATH_SEARCH_PATHS = "$(inherited) @executable_path/Frameworks";
				PRODUCT_BUNDLE_IDENTIFIER = "com.zsy.DemoSwift121-collectionView";
				PRODUCT_NAME = "$(TARGET_NAME)";
			};
			name = Debug;
		};
		A76F248F1DB778B000B076FC /* Release */ = {
			isa = XCBuildConfiguration;
			buildSettings = {
				ASSETCATALOG_COMPILER_APPICON_NAME = AppIcon;
				INFOPLIST_FILE = DemoSwift121_collectionView/Info.plist;
				IPHONEOS_DEPLOYMENT_TARGET = 8.0;
				LD_RUNPATH_SEARCH_PATHS = "$(inherited) @executable_path/Frameworks";
				PRODUCT_BUNDLE_IDENTIFIER = "com.zsy.DemoSwift121-collectionView";
				PRODUCT_NAME = "$(TARGET_NAME)";
			};
			name = Release;
		};
		A76F24911DB778B000B076FC /* Debug */ = {
			isa = XCBuildConfiguration;
			buildSettings = {
				BUNDLE_LOADER = "$(TEST_HOST)";
				INFOPLIST_FILE = DemoSwift121_collectionViewTests/Info.plist;
				LD_RUNPATH_SEARCH_PATHS = "$(inherited) @executable_path/Frameworks @loader_path/Frameworks";
				PRODUCT_BUNDLE_IDENTIFIER = "com.zsy.DemoSwift121-collectionViewTests";
				PRODUCT_NAME = "$(TARGET_NAME)";
				TEST_HOST = "$(BUILT_PRODUCTS_DIR)/DemoSwift121_collectionView.app/DemoSwift121_collectionView";
			};
			name = Debug;
		};
		A76F24921DB778B000B076FC /* Release */ = {
			isa = XCBuildConfiguration;
			buildSettings = {
				BUNDLE_LOADER = "$(TEST_HOST)";
				INFOPLIST_FILE = DemoSwift121_collectionViewTests/Info.plist;
				LD_RUNPATH_SEARCH_PATHS = "$(inherited) @executable_path/Frameworks @loader_path/Frameworks";
				PRODUCT_BUNDLE_IDENTIFIER = "com.zsy.DemoSwift121-collectionViewTests";
				PRODUCT_NAME = "$(TARGET_NAME)";
				TEST_HOST = "$(BUILT_PRODUCTS_DIR)/DemoSwift121_collectionView.app/DemoSwift121_collectionView";
			};
			name = Release;
		};
		A76F24941DB778B000B076FC /* Debug */ = {
			isa = XCBuildConfiguration;
			buildSettings = {
				INFOPLIST_FILE = DemoSwift121_collectionViewUITests/Info.plist;
				LD_RUNPATH_SEARCH_PATHS = "$(inherited) @executable_path/Frameworks @loader_path/Frameworks";
				PRODUCT_BUNDLE_IDENTIFIER = "com.zsy.DemoSwift121-collectionViewUITests";
				PRODUCT_NAME = "$(TARGET_NAME)";
				TEST_TARGET_NAME = DemoSwift121_collectionView;
				USES_XCTRUNNER = YES;
			};
			name = Debug;
		};
		A76F24951DB778B000B076FC /* Release */ = {
			isa = XCBuildConfiguration;
			buildSettings = {
				INFOPLIST_FILE = DemoSwift121_collectionViewUITests/Info.plist;
				LD_RUNPATH_SEARCH_PATHS = "$(inherited) @executable_path/Frameworks @loader_path/Frameworks";
				PRODUCT_BUNDLE_IDENTIFIER = "com.zsy.DemoSwift121-collectionViewUITests";
				PRODUCT_NAME = "$(TARGET_NAME)";
				TEST_TARGET_NAME = DemoSwift121_collectionView;
				USES_XCTRUNNER = YES;
			};
			name = Release;
		};
/* End XCBuildConfiguration section */

/* Begin XCConfigurationList section */
		A76F24601DB778B000B076FC /* Build configuration list for PBXProject "DemoSwift121_collectionView" */ = {
			isa = XCConfigurationList;
			buildConfigurations = (
				A76F248B1DB778B000B076FC /* Debug */,
				A76F248C1DB778B000B076FC /* Release */,
			);
			defaultConfigurationIsVisible = 0;
			defaultConfigurationName = Release;
		};
		A76F248D1DB778B000B076FC /* Build configuration list for PBXNativeTarget "DemoSwift121_collectionView" */ = {
			isa = XCConfigurationList;
			buildConfigurations = (
				A76F248E1DB778B000B076FC /* Debug */,
				A76F248F1DB778B000B076FC /* Release */,
			);
			defaultConfigurationIsVisible = 0;
			defaultConfigurationName = Release;
		};
		A76F24901DB778B000B076FC /* Build configuration list for PBXNativeTarget "DemoSwift121_collectionViewTests" */ = {
			isa = XCConfigurationList;
			buildConfigurations = (
				A76F24911DB778B000B076FC /* Debug */,
				A76F24921DB778B000B076FC /* Release */,
			);
			defaultConfigurationIsVisible = 0;
			defaultConfigurationName = Release;
		};
		A76F24931DB778B000B076FC /* Build configuration list for PBXNativeTarget "DemoSwift121_collectionViewUITests" */ = {
			isa = XCConfigurationList;
			buildConfigurations = (
				A76F24941DB778B000B076FC /* Debug */,
				A76F24951DB778B000B076FC /* Release */,
			);
			defaultConfigurationIsVisible = 0;
			defaultConfigurationName = Release;
		};
/* End XCConfigurationList section */
	};
	rootObject = A76F245D1DB778B000B076FC /* Project object */;
}
