// !$*UTF8*$!
{
	archiveVersion = 1;
	classes = {
	};
	objectVersion = 46;
	objects = {

/* Begin PBXBuildFile section */
		A721791E1D9A7557004F213E /* AppDelegate.swift in Sources */ = {isa = PBXBuildFile; fileRef = A721791D1D9A7557004F213E /* AppDelegate.swift */; };
		A72179201D9A7557004F213E /* ViewController.swift in Sources */ = {isa = PBXBuildFile; fileRef = A721791F1D9A7557004F213E /* ViewController.swift */; };
		A72179231D9A7557004F213E /* Main.storyboard in Resources */ = {isa = PBXBuildFile; fileRef = A72179211D9A7557004F213E /* Main.storyboard */; };
		A72179251D9A7557004F213E /* Assets.xcassets in Resources */ = {isa = PBXBuildFile; fileRef = A72179241D9A7557004F213E /* Assets.xcassets */; };
		A72179281D9A7557004F213E /* LaunchScreen.storyboard in Resources */ = {isa = PBXBuildFile; fileRef = A72179261D9A7557004F213E /* LaunchScreen.storyboard */; };
		A72179331D9A7557004F213E /* DemoSwift104_viewTests.swift in Sources */ = {isa = PBXBuildFile; fileRef = A72179321D9A7557004F213E /* DemoSwift104_viewTests.swift */; };
		A721793E1D9A7557004F213E /* DemoSwift104_viewUITests.swift in Sources */ = {isa = PBXBuildFile; fileRef = A721793D1D9A7557004F213E /* DemoSwift104_viewUITests.swift */; };
		A7465D921D9B67CB00E37BC9 /* SYView.swift in Sources */ = {isa = PBXBuildFile; fileRef = A7465D911D9B67CB00E37BC9 /* SYView.swift */; };
		A7465D991D9B6F1100E37BC9 /* UIView+Extension.swift in Sources */ = {isa = PBXBuildFile; fileRef = A7465D981D9B6F1100E37BC9 /* UIView+Extension.swift */; };
/* End PBXBuildFile section */

/* Begin PBXContainerItemProxy section */
		A721792F1D9A7557004F213E /* PBXContainerItemProxy */ = {
			isa = PBXContainerItemProxy;
			containerPortal = A72179121D9A7557004F213E /* Project object */;
			proxyType = 1;
			remoteGlobalIDString = A72179191D9A7557004F213E;
			remoteInfo = DemoSwift104_view;
		};
		A721793A1D9A7557004F213E /* PBXContainerItemProxy */ = {
			isa = PBXContainerItemProxy;
			containerPortal = A72179121D9A7557004F213E /* Project object */;
			proxyType = 1;
			remoteGlobalIDString = A72179191D9A7557004F213E;
			remoteInfo = DemoSwift104_view;
		};
/* End PBXContainerItemProxy section */

/* Begin PBXFileReference section */
		A721791A1D9A7557004F213E /* DemoSwift104_view.app */ = {isa = PBXFileReference; explicitFileType = wrapper.application; includeInIndex = 0; path = DemoSwift104_view.app; sourceTree = BUILT_PRODUCTS_DIR; };
		A721791D1D9A7557004F213E /* AppDelegate.swift */ = {isa = PBXFileReference; lastKnownFileType = sourcecode.swift; path = AppDelegate.swift; sourceTree = "<group>"; };
		A721791F1D9A7557004F213E /* ViewController.swift */ = {isa = PBXFileReference; lastKnownFileType = sourcecode.swift; path = ViewController.swift; sourceTree = "<group>"; };
		A72179221D9A7557004F213E /* Base */ = {isa = PBXFileReference; lastKnownFileType = file.storyboard; name = Base; path = Base.lproj/Main.storyboard; sourceTree = "<group>"; };
		A72179241D9A7557004F213E /* Assets.xcassets */ = {isa = PBXFileReference; lastKnownFileType = folder.assetcatalog; path = Assets.xcassets; sourceTree = "<group>"; };
		A72179271D9A7557004F213E /* Base */ = {isa = PBXFileReference; lastKnownFileType = file.storyboard; name = Base; path = Base.lproj/LaunchScreen.storyboard; sourceTree = "<group>"; };
		A72179291D9A7557004F213E /* Info.plist */ = {isa = PBXFileReference; lastKnownFileType = text.plist.xml; path = Info.plist; sourceTree = "<group>"; };
		A721792E1D9A7557004F213E /* DemoSwift104_viewTests.xctest */ = {isa = PBXFileReference; explicitFileType = wrapper.cfbundle; includeInIndex = 0; path = DemoSwift104_viewTests.xctest; sourceTree = BUILT_PRODUCTS_DIR; };
		A72179321D9A7557004F213E /* DemoSwift104_viewTests.swift */ = {isa = PBXFileReference; lastKnownFileType = sourcecode.swift; path = DemoSwift104_viewTests.swift; sourceTree = "<group>"; };
		A72179341D9A7557004F213E /* Info.plist */ = {isa = PBXFileReference; lastKnownFileType = text.plist.xml; path = Info.plist; sourceTree = "<group>"; };
		A72179391D9A7557004F213E /* DemoSwift104_viewUITests.xctest */ = {isa = PBXFileReference; explicitFileType = wrapper.cfbundle; includeInIndex = 0; path = DemoSwift104_viewUITests.xctest; sourceTree = BUILT_PRODUCTS_DIR; };
		A721793D1D9A7557004F213E /* DemoSwift104_viewUITests.swift */ = {isa = PBXFileReference; lastKnownFileType = sourcecode.swift; path = DemoSwift104_viewUITests.swift; sourceTree = "<group>"; };
		A721793F1D9A7557004F213E /* Info.plist */ = {isa = PBXFileReference; lastKnownFileType = text.plist.xml; path = Info.plist; sourceTree = "<group>"; };
		A7465D911D9B67CB00E37BC9 /* SYView.swift */ = {isa = PBXFileReference; fileEncoding = 4; lastKnownFileType = sourcecode.swift; path = SYView.swift; sourceTree = "<group>"; };
		A7465D941D9B691800E37BC9 /* DemoSwift104_view-Bridging-Header.h */ = {isa = PBXFileReference; lastKnownFileType = sourcecode.c.h; path = "DemoSwift104_view-Bridging-Header.h"; sourceTree = "<group>"; };
		A7465D981D9B6F1100E37BC9 /* UIView+Extension.swift */ = {isa = PBXFileReference; fileEncoding = 4; lastKnownFileType = sourcecode.swift; path = "UIView+Extension.swift"; sourceTree = "<group>"; };
/* End PBXFileReference section */

/* Begin PBXFrameworksBuildPhase section */
		A72179171D9A7557004F213E /* Frameworks */ = {
			isa = PBXFrameworksBuildPhase;
			buildActionMask = 2147483647;
			files = (
			);
			runOnlyForDeploymentPostprocessing = 0;
		};
		A721792B1D9A7557004F213E /* Frameworks */ = {
			isa = PBXFrameworksBuildPhase;
			buildActionMask = 2147483647;
			files = (
			);
			runOnlyForDeploymentPostprocessing = 0;
		};
		A72179361D9A7557004F213E /* Frameworks */ = {
			isa = PBXFrameworksBuildPhase;
			buildActionMask = 2147483647;
			files = (
			);
			runOnlyForDeploymentPostprocessing = 0;
		};
/* End PBXFrameworksBuildPhase section */

/* Begin PBXGroup section */
		A72179111D9A7557004F213E = {
			isa = PBXGroup;
			children = (
				A721791C1D9A7557004F213E /* DemoSwift104_view */,
				A72179311D9A7557004F213E /* DemoSwift104_viewTests */,
				A721793C1D9A7557004F213E /* DemoSwift104_viewUITests */,
				A721791B1D9A7557004F213E /* Products */,
			);
			sourceTree = "<group>";
		};
		A721791B1D9A7557004F213E /* Products */ = {
			isa = PBXGroup;
			children = (
				A721791A1D9A7557004F213E /* DemoSwift104_view.app */,
				A721792E1D9A7557004F213E /* DemoSwift104_viewTests.xctest */,
				A72179391D9A7557004F213E /* DemoSwift104_viewUITests.xctest */,
			);
			name = Products;
			sourceTree = "<group>";
		};
		A721791C1D9A7557004F213E /* DemoSwift104_view */ = {
			isa = PBXGroup;
			children = (
				A721791D1D9A7557004F213E /* AppDelegate.swift */,
				A721791F1D9A7557004F213E /* ViewController.swift */,
				A7465D911D9B67CB00E37BC9 /* SYView.swift */,
				A7465D981D9B6F1100E37BC9 /* UIView+Extension.swift */,
				A7465D9A1D9BA11E00E37BC9 /* New Group */,
				A72179211D9A7557004F213E /* Main.storyboard */,
				A72179241D9A7557004F213E /* Assets.xcassets */,
				A72179261D9A7557004F213E /* LaunchScreen.storyboard */,
				A72179291D9A7557004F213E /* Info.plist */,
				A7465D941D9B691800E37BC9 /* DemoSwift104_view-Bridging-Header.h */,
			);
			path = DemoSwift104_view;
			sourceTree = "<group>";
		};
		A72179311D9A7557004F213E /* DemoSwift104_viewTests */ = {
			isa = PBXGroup;
			children = (
				A72179321D9A7557004F213E /* DemoSwift104_viewTests.swift */,
				A72179341D9A7557004F213E /* Info.plist */,
			);
			path = DemoSwift104_viewTests;
			sourceTree = "<group>";
		};
		A721793C1D9A7557004F213E /* DemoSwift104_viewUITests */ = {
			isa = PBXGroup;
			children = (
				A721793D1D9A7557004F213E /* DemoSwift104_viewUITests.swift */,
				A721793F1D9A7557004F213E /* Info.plist */,
			);
			path = DemoSwift104_viewUITests;
			sourceTree = "<group>";
		};
		A7465D9A1D9BA11E00E37BC9 /* New Group */ = {
			isa = PBXGroup;
			children = (
			);
			name = "New Group";
			sourceTree = "<group>";
		};
/* End PBXGroup section */

/* Begin PBXNativeTarget section */
		A72179191D9A7557004F213E /* DemoSwift104_view */ = {
			isa = PBXNativeTarget;
			buildConfigurationList = A72179421D9A7557004F213E /* Build configuration list for PBXNativeTarget "DemoSwift104_view" */;
			buildPhases = (
				A72179161D9A7557004F213E /* Sources */,
				A72179171D9A7557004F213E /* Frameworks */,
				A72179181D9A7557004F213E /* Resources */,
			);
			buildRules = (
			);
			dependencies = (
			);
			name = DemoSwift104_view;
			productName = DemoSwift104_view;
			productReference = A721791A1D9A7557004F213E /* DemoSwift104_view.app */;
			productType = "com.apple.product-type.application";
		};
		A721792D1D9A7557004F213E /* DemoSwift104_viewTests */ = {
			isa = PBXNativeTarget;
			buildConfigurationList = A72179451D9A7557004F213E /* Build configuration list for PBXNativeTarget "DemoSwift104_viewTests" */;
			buildPhases = (
				A721792A1D9A7557004F213E /* Sources */,
				A721792B1D9A7557004F213E /* Frameworks */,
				A721792C1D9A7557004F213E /* Resources */,
			);
			buildRules = (
			);
			dependencies = (
				A72179301D9A7557004F213E /* PBXTargetDependency */,
			);
			name = DemoSwift104_viewTests;
			productName = DemoSwift104_viewTests;
			productReference = A721792E1D9A7557004F213E /* DemoSwift104_viewTests.xctest */;
			productType = "com.apple.product-type.bundle.unit-test";
		};
		A72179381D9A7557004F213E /* DemoSwift104_viewUITests */ = {
			isa = PBXNativeTarget;
			buildConfigurationList = A72179481D9A7557004F213E /* Build configuration list for PBXNativeTarget "DemoSwift104_viewUITests" */;
			buildPhases = (
				A72179351D9A7557004F213E /* Sources */,
				A72179361D9A7557004F213E /* Frameworks */,
				A72179371D9A7557004F213E /* Resources */,
			);
			buildRules = (
			);
			dependencies = (
				A721793B1D9A7557004F213E /* PBXTargetDependency */,
			);
			name = DemoSwift104_viewUITests;
			productName = DemoSwift104_viewUITests;
			productReference = A72179391D9A7557004F213E /* DemoSwift104_viewUITests.xctest */;
			productType = "com.apple.product-type.bundle.ui-testing";
		};
/* End PBXNativeTarget section */

/* Begin PBXProject section */
		A72179121D9A7557004F213E /* Project object */ = {
			isa = PBXProject;
			attributes = {
				LastSwiftUpdateCheck = 0720;
				LastUpgradeCheck = 0720;
				ORGANIZATIONNAME = zhangshaoyu;
				TargetAttributes = {
					A72179191D9A7557004F213E = {
						CreatedOnToolsVersion = 7.2.1;
					};
					A721792D1D9A7557004F213E = {
						CreatedOnToolsVersion = 7.2.1;
						TestTargetID = A72179191D9A7557004F213E;
					};
					A72179381D9A7557004F213E = {
						CreatedOnToolsVersion = 7.2.1;
						TestTargetID = A72179191D9A7557004F213E;
					};
				};
			};
			buildConfigurationList = A72179151D9A7557004F213E /* Build configuration list for PBXProject "DemoSwift104_view" */;
			compatibilityVersion = "Xcode 3.2";
			developmentRegion = English;
			hasScannedForEncodings = 0;
			knownRegions = (
				en,
				Base,
			);
			mainGroup = A72179111D9A7557004F213E;
			productRefGroup = A721791B1D9A7557004F213E /* Products */;
			projectDirPath = "";
			projectRoot = "";
			targets = (
				A72179191D9A7557004F213E /* DemoSwift104_view */,
				A721792D1D9A7557004F213E /* DemoSwift104_viewTests */,
				A72179381D9A7557004F213E /* DemoSwift104_viewUITests */,
			);
		};
/* End PBXProject section */

/* Begin PBXResourcesBuildPhase section */
		A72179181D9A7557004F213E /* Resources */ = {
			isa = PBXResourcesBuildPhase;
			buildActionMask = 2147483647;
			files = (
				A72179281D9A7557004F213E /* LaunchScreen.storyboard in Resources */,
				A72179251D9A7557004F213E /* Assets.xcassets in Resources */,
				A72179231D9A7557004F213E /* Main.storyboard in Resources */,
			);
			runOnlyForDeploymentPostprocessing = 0;
		};
		A721792C1D9A7557004F213E /* Resources */ = {
			isa = PBXResourcesBuildPhase;
			buildActionMask = 2147483647;
			files = (
			);
			runOnlyForDeploymentPostprocessing = 0;
		};
		A72179371D9A7557004F213E /* Resources */ = {
			isa = PBXResourcesBuildPhase;
			buildActionMask = 2147483647;
			files = (
			);
			runOnlyForDeploymentPostprocessing = 0;
		};
/* End PBXResourcesBuildPhase section */

/* Begin PBXSourcesBuildPhase section */
		A72179161D9A7557004F213E /* Sources */ = {
			isa = PBXSourcesBuildPhase;
			buildActionMask = 2147483647;
			files = (
				A7465D921D9B67CB00E37BC9 /* SYView.swift in Sources */,
				A72179201D9A7557004F213E /* ViewController.swift in Sources */,
				A7465D991D9B6F1100E37BC9 /* UIView+Extension.swift in Sources */,
				A721791E1D9A7557004F213E /* AppDelegate.swift in Sources */,
			);
			runOnlyForDeploymentPostprocessing = 0;
		};
		A721792A1D9A7557004F213E /* Sources */ = {
			isa = PBXSourcesBuildPhase;
			buildActionMask = 2147483647;
			files = (
				A72179331D9A7557004F213E /* DemoSwift104_viewTests.swift in Sources */,
			);
			runOnlyForDeploymentPostprocessing = 0;
		};
		A72179351D9A7557004F213E /* Sources */ = {
			isa = PBXSourcesBuildPhase;
			buildActionMask = 2147483647;
			files = (
				A721793E1D9A7557004F213E /* DemoSwift104_viewUITests.swift in Sources */,
			);
			runOnlyForDeploymentPostprocessing = 0;
		};
/* End PBXSourcesBuildPhase section */

/* Begin PBXTargetDependency section */
		A72179301D9A7557004F213E /* PBXTargetDependency */ = {
			isa = PBXTargetDependency;
			target = A72179191D9A7557004F213E /* DemoSwift104_view */;
			targetProxy = A721792F1D9A7557004F213E /* PBXContainerItemProxy */;
		};
		A721793B1D9A7557004F213E /* PBXTargetDependency */ = {
			isa = PBXTargetDependency;
			target = A72179191D9A7557004F213E /* DemoSwift104_view */;
			targetProxy = A721793A1D9A7557004F213E /* PBXContainerItemProxy */;
		};
/* End PBXTargetDependency section */

/* Begin PBXVariantGroup section */
		A72179211D9A7557004F213E /* Main.storyboard */ = {
			isa = PBXVariantGroup;
			children = (
				A72179221D9A7557004F213E /* Base */,
			);
			name = Main.storyboard;
			sourceTree = "<group>";
		};
		A72179261D9A7557004F213E /* LaunchScreen.storyboard */ = {
			isa = PBXVariantGroup;
			children = (
				A72179271D9A7557004F213E /* Base */,
			);
			name = LaunchScreen.storyboard;
			sourceTree = "<group>";
		};
/* End PBXVariantGroup section */

/* Begin XCBuildConfiguration section */
		A72179401D9A7557004F213E /* Debug */ = {
			isa = XCBuildConfiguration;
			buildSettings = {
				ALWAYS_SEARCH_USER_PATHS = NO;
				CLANG_CXX_LANGUAGE_STANDARD = "gnu++0x";
				CLANG_CXX_LIBRARY = "libc++";
				CLANG_ENABLE_MODULES = YES;
				CLANG_ENABLE_OBJC_ARC = YES;
				CLANG_WARN_BOOL_CONVERSION = YES;
				CLANG_WARN_CONSTANT_CONVERSION = YES;
				CLANG_WARN_DIRECT_OBJC_ISA_USAGE = YES_ERROR;
				CLANG_WARN_EMPTY_BODY = YES;
				CLANG_WARN_ENUM_CONVERSION = YES;
				CLANG_WARN_INT_CONVERSION = YES;
				CLANG_WARN_OBJC_ROOT_CLASS = YES_ERROR;
				CLANG_WARN_UNREACHABLE_CODE = YES;
				CLANG_WARN__DUPLICATE_METHOD_MATCH = YES;
				"CODE_SIGN_IDENTITY[sdk=iphoneos*]" = "iPhone Developer";
				COPY_PHASE_STRIP = NO;
				DEBUG_INFORMATION_FORMAT = dwarf;
				ENABLE_STRICT_OBJC_MSGSEND = YES;
				ENABLE_TESTABILITY = YES;
				GCC_C_LANGUAGE_STANDARD = gnu99;
				GCC_DYNAMIC_NO_PIC = NO;
				GCC_NO_COMMON_BLOCKS = YES;
				GCC_OPTIMIZATION_LEVEL = 0;
				GCC_PREPROCESSOR_DEFINITIONS = (
					"DEBUG=1",
					"$(inherited)",
				);
				GCC_WARN_64_TO_32_BIT_CONVERSION = YES;
				GCC_WARN_ABOUT_RETURN_TYPE = YES_ERROR;
				GCC_WARN_UNDECLARED_SELECTOR = YES;
				GCC_WARN_UNINITIALIZED_AUTOS = YES_AGGRESSIVE;
				GCC_WARN_UNUSED_FUNCTION = YES;
				GCC_WARN_UNUSED_VARIABLE = YES;
				IPHONEOS_DEPLOYMENT_TARGET = 9.2;
				MTL_ENABLE_DEBUG_INFO = YES;
				ONLY_ACTIVE_ARCH = YES;
				SDKROOT = iphoneos;
				SWIFT_OPTIMIZATION_LEVEL = "-Onone";
				TARGETED_DEVICE_FAMILY = "1,2";
			};
			name = Debug;
		};
		A72179411D9A7557004F213E /* Release */ = {
			isa = XCBuildConfiguration;
			buildSettings = {
				ALWAYS_SEARCH_USER_PATHS = NO;
				CLANG_CXX_LANGUAGE_STANDARD = "gnu++0x";
				CLANG_CXX_LIBRARY = "libc++";
				CLANG_ENABLE_MODULES = YES;
				CLANG_ENABLE_OBJC_ARC = YES;
				CLANG_WARN_BOOL_CONVERSION = YES;
				CLANG_WARN_CONSTANT_CONVERSION = YES;
				CLANG_WARN_DIRECT_OBJC_ISA_USAGE = YES_ERROR;
				CLANG_WARN_EMPTY_BODY = YES;
				CLANG_WARN_ENUM_CONVERSION = YES;
				CLANG_WARN_INT_CONVERSION = YES;
				CLANG_WARN_OBJC_ROOT_CLASS = YES_ERROR;
				CLANG_WARN_UNREACHABLE_CODE = YES;
				CLANG_WARN__DUPLICATE_METHOD_MATCH = YES;
				"CODE_SIGN_IDENTITY[sdk=iphoneos*]" = "iPhone Developer";
				COPY_PHASE_STRIP = NO;
				DEBUG_INFORMATION_FORMAT = "dwarf-with-dsym";
				ENABLE_NS_ASSERTIONS = NO;
				ENABLE_STRICT_OBJC_MSGSEND = YES;
				GCC_C_LANGUAGE_STANDARD = gnu99;
				GCC_NO_COMMON_BLOCKS = YES;
				GCC_WARN_64_TO_32_BIT_CONVERSION = YES;
				GCC_WARN_ABOUT_RETURN_TYPE = YES_ERROR;
				GCC_WARN_UNDECLARED_SELECTOR = YES;
				GCC_WARN_UNINITIALIZED_AUTOS = YES_AGGRESSIVE;
				GCC_WARN_UNUSED_FUNCTION = YES;
				GCC_WARN_UNUSED_VARIABLE = YES;
				IPHONEOS_DEPLOYMENT_TARGET = 9.2;
				MTL_ENABLE_DEBUG_INFO = NO;
				SDKROOT = iphoneos;
				TARGETED_DEVICE_FAMILY = "1,2";
				VALIDATE_PRODUCT = YES;
			};
			name = Release;
		};
		A72179431D9A7557004F213E /* Debug */ = {
			isa = XCBuildConfiguration;
			buildSettings = {
				ASSETCATALOG_COMPILER_APPICON_NAME = AppIcon;
				CLANG_ENABLE_MODULES = YES;
				INFOPLIST_FILE = DemoSwift104_view/Info.plist;
				LD_RUNPATH_SEARCH_PATHS = "$(inherited) @executable_path/Frameworks";
				PRODUCT_BUNDLE_IDENTIFIER = "com.zsy.DemoSwift104-view";
				PRODUCT_NAME = "$(TARGET_NAME)";
				SWIFT_OBJC_BRIDGING_HEADER = "DemoSwift104_view/DemoSwift104_view-Bridging-Header.h";
				SWIFT_OPTIMIZATION_LEVEL = "-Onone";
			};
			name = Debug;
		};
		A72179441D9A7557004F213E /* Release */ = {
			isa = XCBuildConfiguration;
			buildSettings = {
				ASSETCATALOG_COMPILER_APPICON_NAME = AppIcon;
				CLANG_ENABLE_MODULES = YES;
				INFOPLIST_FILE = DemoSwift104_view/Info.plist;
				LD_RUNPATH_SEARCH_PATHS = "$(inherited) @executable_path/Frameworks";
				PRODUCT_BUNDLE_IDENTIFIER = "com.zsy.DemoSwift104-view";
				PRODUCT_NAME = "$(TARGET_NAME)";
				SWIFT_OBJC_BRIDGING_HEADER = "DemoSwift104_view/DemoSwift104_view-Bridging-Header.h";
			};
			name = Release;
		};
		A72179461D9A7557004F213E /* Debug */ = {
			isa = XCBuildConfiguration;
			buildSettings = {
				BUNDLE_LOADER = "$(TEST_HOST)";
				INFOPLIST_FILE = DemoSwift104_viewTests/Info.plist;
				LD_RUNPATH_SEARCH_PATHS = "$(inherited) @executable_path/Frameworks @loader_path/Frameworks";
				PRODUCT_BUNDLE_IDENTIFIER = "com.zsy.DemoSwift104-viewTests";
				PRODUCT_NAME = "$(TARGET_NAME)";
				TEST_HOST = "$(BUILT_PRODUCTS_DIR)/DemoSwift104_view.app/DemoSwift104_view";
			};
			name = Debug;
		};
		A72179471D9A7557004F213E /* Release */ = {
			isa = XCBuildConfiguration;
			buildSettings = {
				BUNDLE_LOADER = "$(TEST_HOST)";
				INFOPLIST_FILE = DemoSwift104_viewTests/Info.plist;
				LD_RUNPATH_SEARCH_PATHS = "$(inherited) @executable_path/Frameworks @loader_path/Frameworks";
				PRODUCT_BUNDLE_IDENTIFIER = "com.zsy.DemoSwift104-viewTests";
				PRODUCT_NAME = "$(TARGET_NAME)";
				TEST_HOST = "$(BUILT_PRODUCTS_DIR)/DemoSwift104_view.app/DemoSwift104_view";
			};
			name = Release;
		};
		A72179491D9A7557004F213E /* Debug */ = {
			isa = XCBuildConfiguration;
			buildSettings = {
				INFOPLIST_FILE = DemoSwift104_viewUITests/Info.plist;
				LD_RUNPATH_SEARCH_PATHS = "$(inherited) @executable_path/Frameworks @loader_path/Frameworks";
				PRODUCT_BUNDLE_IDENTIFIER = "com.zsy.DemoSwift104-viewUITests";
				PRODUCT_NAME = "$(TARGET_NAME)";
				TEST_TARGET_NAME = DemoSwift104_view;
				USES_XCTRUNNER = YES;
			};
			name = Debug;
		};
		A721794A1D9A7557004F213E /* Release */ = {
			isa = XCBuildConfiguration;
			buildSettings = {
				INFOPLIST_FILE = DemoSwift104_viewUITests/Info.plist;
				LD_RUNPATH_SEARCH_PATHS = "$(inherited) @executable_path/Frameworks @loader_path/Frameworks";
				PRODUCT_BUNDLE_IDENTIFIER = "com.zsy.DemoSwift104-viewUITests";
				PRODUCT_NAME = "$(TARGET_NAME)";
				TEST_TARGET_NAME = DemoSwift104_view;
				USES_XCTRUNNER = YES;
			};
			name = Release;
		};
/* End XCBuildConfiguration section */

/* Begin XCConfigurationList section */
		A72179151D9A7557004F213E /* Build configuration list for PBXProject "DemoSwift104_view" */ = {
			isa = XCConfigurationList;
			buildConfigurations = (
				A72179401D9A7557004F213E /* Debug */,
				A72179411D9A7557004F213E /* Release */,
			);
			defaultConfigurationIsVisible = 0;
			defaultConfigurationName = Release;
		};
		A72179421D9A7557004F213E /* Build configuration list for PBXNativeTarget "DemoSwift104_view" */ = {
			isa = XCConfigurationList;
			buildConfigurations = (
				A72179431D9A7557004F213E /* Debug */,
				A72179441D9A7557004F213E /* Release */,
			);
			defaultConfigurationIsVisible = 0;
			defaultConfigurationName = Release;
		};
		A72179451D9A7557004F213E /* Build configuration list for PBXNativeTarget "DemoSwift104_viewTests" */ = {
			isa = XCConfigurationList;
			buildConfigurations = (
				A72179461D9A7557004F213E /* Debug */,
				A72179471D9A7557004F213E /* Release */,
			);
			defaultConfigurationIsVisible = 0;
			defaultConfigurationName = Release;
		};
		A72179481D9A7557004F213E /* Build configuration list for PBXNativeTarget "DemoSwift104_viewUITests" */ = {
			isa = XCConfigurationList;
			buildConfigurations = (
				A72179491D9A7557004F213E /* Debug */,
				A721794A1D9A7557004F213E /* Release */,
			);
			defaultConfigurationIsVisible = 0;
			defaultConfigurationName = Release;
		};
/* End XCConfigurationList section */
	};
	rootObject = A72179121D9A7557004F213E /* Project object */;
}
